
Microsoft Visual Studio Solution File, Format Version 12.00
# Visual Studio Version 17
VisualStudioVersion = 17.10.35027.167
MinimumVisualStudioVersion = 10.0.40219.1
Project("{FAE04EC0-301F-11D3-BF4B-00C04F79EFBC}") = "Knowledge Check 2", "Knowledge Check 2.csproj", "{1BD78401-C699-489A-9013-6296E4DC8A90}"
EndProject
Global
	GlobalSection(SolutionConfigurationPlatforms) = preSolution
		Debug|Any CPU = Debug|Any CPU
		Release|Any CPU = Release|Any CPU
	EndGlobalSection
	GlobalSection(ProjectConfigurationPlatforms) = postSolution
		{1BD78401-C699-489A-9013-6296E4DC8A90}.Debug|Any CPU.ActiveCfg = Debug|Any CPU
		{1BD78401-C699-489A-9013-6296E4DC8A90}.Debug|Any CPU.Build.0 = Debug|Any CPU
		{1BD78401-C699-489A-9013-6296E4DC8A90}.Release|Any CPU.ActiveCfg = Release|Any CPU
		{1BD78401-C699-489A-9013-6296E4DC8A90}.Release|Any CPU.Build.0 = Release|Any CPU
	EndGlobalSection
	GlobalSection(SolutionProperties) = preSolution
		HideSolutionNode = FALSE
	EndGlobalSection
	GlobalSection(ExtensibilityGlobals) = postSolution
		SolutionGuid = {C7FC22AD-7A11-420A-AA99-B60808FA8D69}
	EndGlobalSection
EndGlobal
